// !$*UTF8*$!
{
	archiveVersion = 1;
	classes = {
	};
	objectVersion = 56;
	objects = {

/* Begin PBXBuildFile section */
		3C0DA07A2B2780BC0058E021 /* BackgroundMaterialsBootcamp.swift in Sources */ = {isa = PBXBuildFile; fileRef = 3C0DA0792B2780BC0058E021 /* BackgroundMaterialsBootcamp.swift */; };
		3C0DA07C2B2785610058E021 /* TextSelectionBootcamp.swift in Sources */ = {isa = PBXBuildFile; fileRef = 3C0DA07B2B2785610058E021 /* TextSelectionBootcamp.swift */; };
		3C1476E12B30B0760035FC32 /* SubmitTextFieldBootcamp.swift in Sources */ = {isa = PBXBuildFile; fileRef = 3C1476E02B30B0760035FC32 /* SubmitTextFieldBootcamp.swift */; };
		3C1476E32B3204ED0035FC32 /* NavigationStackBootcamp.swift in Sources */ = {isa = PBXBuildFile; fileRef = 3C1476E22B3204ED0035FC32 /* NavigationStackBootcamp.swift */; };
		3C1476E52B335E390035FC32 /* ToolbarBootcamp.swift in Sources */ = {isa = PBXBuildFile; fileRef = 3C1476E42B335E390035FC32 /* ToolbarBootcamp.swift */; };
		3C1476E72B34A17B0035FC32 /* ResizableSheetBootcamp.swift in Sources */ = {isa = PBXBuildFile; fileRef = 3C1476E62B34A17B0035FC32 /* ResizableSheetBootcamp.swift */; };
		3C1476E92B371EC40035FC32 /* SafeAreaInset.swift in Sources */ = {isa = PBXBuildFile; fileRef = 3C1476E82B371EC40035FC32 /* SafeAreaInset.swift */; };
		3C1476EB2B3725220035FC32 /* GroupBootcamp.swift in Sources */ = {isa = PBXBuildFile; fileRef = 3C1476EA2B3725220035FC32 /* GroupBootcamp.swift */; };
		3C1476ED2B37273C0035FC32 /* AnimationUpdatedBootcamp.swift in Sources */ = {isa = PBXBuildFile; fileRef = 3C1476EC2B37273C0035FC32 /* AnimationUpdatedBootcamp.swift */; };
		3C1476EF2B372D0B0035FC32 /* MenuBootcamp.swift in Sources */ = {isa = PBXBuildFile; fileRef = 3C1476EE2B372D0B0035FC32 /* MenuBootcamp.swift */; };
		3C1476F12B3897DB0035FC32 /* NativePopoverBootcamp.swift in Sources */ = {isa = PBXBuildFile; fileRef = 3C1476F02B3897DB0035FC32 /* NativePopoverBootcamp.swift */; };
		3C1476F32B39F58B0035FC32 /* AnyLayoutBootcamp.swift in Sources */ = {isa = PBXBuildFile; fileRef = 3C1476F22B39F58B0035FC32 /* AnyLayoutBootcamp.swift */; };
		3C1476F52B3B453D0035FC32 /* ViewThatFitsBootcamp.swift in Sources */ = {isa = PBXBuildFile; fileRef = 3C1476F42B3B453D0035FC32 /* ViewThatFitsBootcamp.swift */; };
		3C1AF0DF2AED4B610062EDD8 /* InitializerBootcamp.swift in Sources */ = {isa = PBXBuildFile; fileRef = 3C1AF0DE2AED4B610062EDD8 /* InitializerBootcamp.swift */; };
		3C1AF0E12AEE5E520062EDD8 /* ForEachBootcamp.swift in Sources */ = {isa = PBXBuildFile; fileRef = 3C1AF0E02AEE5E520062EDD8 /* ForEachBootcamp.swift */; };
		3C1AF0E32AEE677E0062EDD8 /* ScrollViewBootcamp.swift in Sources */ = {isa = PBXBuildFile; fileRef = 3C1AF0E22AEE677E0062EDD8 /* ScrollViewBootcamp.swift */; };
		3C1C1FC22AF0122C00E46CF7 /* GridBootcamp.swift in Sources */ = {isa = PBXBuildFile; fileRef = 3C1C1FC12AF0122C00E46CF7 /* GridBootcamp.swift */; };
		3C1C1FC42AF2B98300E46CF7 /* SafeAreaBootcamp.swift in Sources */ = {isa = PBXBuildFile; fileRef = 3C1C1FC32AF2B98300E46CF7 /* SafeAreaBootcamp.swift */; };
		3C1C1FC62AF4020D00E46CF7 /* ButtonBootcamp.swift in Sources */ = {isa = PBXBuildFile; fileRef = 3C1C1FC52AF4020D00E46CF7 /* ButtonBootcamp.swift */; };
		3C265DDC2AFAA05400E39C8E /* AnimationBootcamp.swift in Sources */ = {isa = PBXBuildFile; fileRef = 3C265DDB2AFAA05400E39C8E /* AnimationBootcamp.swift */; };
		3C265DDE2AFBF65D00E39C8E /* AnimationTimingBootcamp.swift in Sources */ = {isa = PBXBuildFile; fileRef = 3C265DDD2AFBF65D00E39C8E /* AnimationTimingBootcamp.swift */; };
		3C265DE02AFD420400E39C8E /* TransitionBootcamp.swift in Sources */ = {isa = PBXBuildFile; fileRef = 3C265DDF2AFD420400E39C8E /* TransitionBootcamp.swift */; };
		3C265DE22AFFB8D600E39C8E /* SheetsBootcamp.swift in Sources */ = {isa = PBXBuildFile; fileRef = 3C265DE12AFFB8D600E39C8E /* SheetsBootcamp.swift */; };
		3C265DE42AFFC13900E39C8E /* PopoverBootcamp.swift in Sources */ = {isa = PBXBuildFile; fileRef = 3C265DE32AFFC13900E39C8E /* PopoverBootcamp.swift */; };
		3C265DE62B0140E900E39C8E /* NavigationViewBootcamp.swift in Sources */ = {isa = PBXBuildFile; fileRef = 3C265DE52B0140E900E39C8E /* NavigationViewBootcamp.swift */; };
		3C265DE82B028C9400E39C8E /* ListBootcamp.swift in Sources */ = {isa = PBXBuildFile; fileRef = 3C265DE72B028C9400E39C8E /* ListBootcamp.swift */; };
		3C265DEA2B03DC0D00E39C8E /* AlertBootcamp.swift in Sources */ = {isa = PBXBuildFile; fileRef = 3C265DE92B03DC0D00E39C8E /* AlertBootcamp.swift */; };
		3C265DEC2B05330800E39C8E /* ActionsheetBootcamp.swift in Sources */ = {isa = PBXBuildFile; fileRef = 3C265DEB2B05330800E39C8E /* ActionsheetBootcamp.swift */; };
		3C265DEE2B06809100E39C8E /* ContextMenuBootcamp.swift in Sources */ = {isa = PBXBuildFile; fileRef = 3C265DED2B06809100E39C8E /* ContextMenuBootcamp.swift */; };
		3C2969972B15024A00B242A1 /* DarkModeBootcamp.swift in Sources */ = {isa = PBXBuildFile; fileRef = 3C2969962B15024A00B242A1 /* DarkModeBootcamp.swift */; };
		3C2969992B16497100B242A1 /* DocumentationBootcamp.swift in Sources */ = {isa = PBXBuildFile; fileRef = 3C2969982B16497100B242A1 /* DocumentationBootcamp.swift */; };
		3C29699B2B17A9A700B242A1 /* OnAppearBootcamp.swift in Sources */ = {isa = PBXBuildFile; fileRef = 3C29699A2B17A9A700B242A1 /* OnAppearBootcamp.swift */; };
		3C29699D2B18FAA000B242A1 /* IfLetGuardBootcamp.swift in Sources */ = {isa = PBXBuildFile; fileRef = 3C29699C2B18FAA000B242A1 /* IfLetGuardBootcamp.swift */; };
		3C29699F2B1B6D5900B242A1 /* TapGestureBootcamp.swift in Sources */ = {isa = PBXBuildFile; fileRef = 3C29699E2B1B6D5900B242A1 /* TapGestureBootcamp.swift */; };
		3C2969A12B1CE6FC00B242A1 /* ModelBootcamp.swift in Sources */ = {isa = PBXBuildFile; fileRef = 3C2969A02B1CE6FC00B242A1 /* ModelBootcamp.swift */; };
		3C2969A32B1E3EAC00B242A1 /* ViewModelBootcamp.swift in Sources */ = {isa = PBXBuildFile; fileRef = 3C2969A22B1E3EAC00B242A1 /* ViewModelBootcamp.swift */; };
		3C2969A52B1F886C00B242A1 /* EnvironmentObjectBootcamp.swift in Sources */ = {isa = PBXBuildFile; fileRef = 3C2969A42B1F886C00B242A1 /* EnvironmentObjectBootcamp.swift */; };
		3C3285D32B20DC2100E08449 /* AppStorageBootcamp.swift in Sources */ = {isa = PBXBuildFile; fileRef = 3C3285D22B20DC2100E08449 /* AppStorageBootcamp.swift */; };
		3C36F3DC2B22315400323C6F /* IntroView.swift in Sources */ = {isa = PBXBuildFile; fileRef = 3C36F3DB2B22315400323C6F /* IntroView.swift */; };
		3C36F3DE2B2237B100323C6F /* OnboardingView.swift in Sources */ = {isa = PBXBuildFile; fileRef = 3C36F3DD2B2237B100323C6F /* OnboardingView.swift */; };
		3C406B642B08F64D00CC12AB /* TextfieldBootcamp.swift in Sources */ = {isa = PBXBuildFile; fileRef = 3C406B632B08F64D00CC12AB /* TextfieldBootcamp.swift */; };
		3C406B662B09048900CC12AB /* TextEditorBootcamp.swift in Sources */ = {isa = PBXBuildFile; fileRef = 3C406B652B09048900CC12AB /* TextEditorBootcamp.swift */; };
		3C406B682B0A81FB00CC12AB /* ToggleBootcamp.swift in Sources */ = {isa = PBXBuildFile; fileRef = 3C406B672B0A81FB00CC12AB /* ToggleBootcamp.swift */; };
		3C406B6A2B0D143C00CC12AB /* PickerBootcamp.swift in Sources */ = {isa = PBXBuildFile; fileRef = 3C406B692B0D143C00CC12AB /* PickerBootcamp.swift */; };
		3C406B6C2B0E66A300CC12AB /* ColorPickerBootcamp.swift in Sources */ = {isa = PBXBuildFile; fileRef = 3C406B6B2B0E66A300CC12AB /* ColorPickerBootcamp.swift */; };
		3C406B6E2B0E6BA600CC12AB /* DatePickerBootcamp.swift in Sources */ = {isa = PBXBuildFile; fileRef = 3C406B6D2B0E6BA600CC12AB /* DatePickerBootcamp.swift */; };
		3C406B702B0FB2D200CC12AB /* StepperBootcamp.swift in Sources */ = {isa = PBXBuildFile; fileRef = 3C406B6F2B0FB2D200CC12AB /* StepperBootcamp.swift */; };
		3C69818A2B28C97600C7AD7E /* ButtonStylesBootcamp.swift in Sources */ = {isa = PBXBuildFile; fileRef = 3C6981892B28C97600C7AD7E /* ButtonStylesBootcamp.swift */; };
		3C6C964B2B1223F400D5BC34 /* SliderBootcamp.swift in Sources */ = {isa = PBXBuildFile; fileRef = 3C6C964A2B1223F400D5BC34 /* SliderBootcamp.swift */; };
		3C6C964D2B13B31300D5BC34 /* TabViewBootcamp.swift in Sources */ = {isa = PBXBuildFile; fileRef = 3C6C964C2B13B31300D5BC34 /* TabViewBootcamp.swift */; };
		3C6F6AA32B2DDB7B000616E8 /* FocusStateBootcamp.swift in Sources */ = {isa = PBXBuildFile; fileRef = 3C6F6AA22B2DDB7B000616E8 /* FocusStateBootcamp.swift */; };
		3C7F7DB72B24E1C500824BC6 /* ProfileView.swift in Sources */ = {isa = PBXBuildFile; fileRef = 3C7F7DB62B24E1C500824BC6 /* ProfileView.swift */; };
		3C7F7DB92B26061600824BC6 /* AsyncImageBootcamp.swift in Sources */ = {isa = PBXBuildFile; fileRef = 3C7F7DB82B26061600824BC6 /* AsyncImageBootcamp.swift */; };
		3C9BBC7B2ADAEC8C006FE992 /* SwiftfulThinkingBootcampApp.swift in Sources */ = {isa = PBXBuildFile; fileRef = 3C9BBC7A2ADAEC8C006FE992 /* SwiftfulThinkingBootcampApp.swift */; };
		3C9BBC7D2ADAEC8C006FE992 /* ContentView.swift in Sources */ = {isa = PBXBuildFile; fileRef = 3C9BBC7C2ADAEC8C006FE992 /* ContentView.swift */; };
		3C9BBC7F2ADAEC8E006FE992 /* Assets.xcassets in Resources */ = {isa = PBXBuildFile; fileRef = 3C9BBC7E2ADAEC8E006FE992 /* Assets.xcassets */; };
		3C9BBC822ADAEC8E006FE992 /* Preview Assets.xcassets in Resources */ = {isa = PBXBuildFile; fileRef = 3C9BBC812ADAEC8E006FE992 /* Preview Assets.xcassets */; };
		3C9BBC892ADC48E7006FE992 /* TextBootcamp.swift in Sources */ = {isa = PBXBuildFile; fileRef = 3C9BBC882ADC48E7006FE992 /* TextBootcamp.swift */; };
		3CAD824C2AF657B20075D162 /* StateBootcamp.swift in Sources */ = {isa = PBXBuildFile; fileRef = 3CAD824B2AF657B20075D162 /* StateBootcamp.swift */; };
		3CAD824E2AF6B1BD0075D162 /* ExtractedFunctionsBootcamp.swift in Sources */ = {isa = PBXBuildFile; fileRef = 3CAD824D2AF6B1BD0075D162 /* ExtractedFunctionsBootcamp.swift */; };
		3CAD82502AF806180075D162 /* ExtractSubviewsBootcamp.swift in Sources */ = {isa = PBXBuildFile; fileRef = 3CAD824F2AF806180075D162 /* ExtractSubviewsBootcamp.swift */; };
		3CAD82522AF8D1490075D162 /* BindingBootcamp.swift in Sources */ = {isa = PBXBuildFile; fileRef = 3CAD82512AF8D1490075D162 /* BindingBootcamp.swift */; };
		3CAD82542AF8E1330075D162 /* ConditionalBootcamp.swift in Sources */ = {isa = PBXBuildFile; fileRef = 3CAD82532AF8E1330075D162 /* ConditionalBootcamp.swift */; };
		3CAD82562AF953E30075D162 /* TarnaryBootcamp.swift in Sources */ = {isa = PBXBuildFile; fileRef = 3CAD82552AF953E20075D162 /* TarnaryBootcamp.swift */; };
		3CB907172AE6D8B100E50AB6 /* BackgroundAndOverlayBootcamp.swift in Sources */ = {isa = PBXBuildFile; fileRef = 3CB907162AE6D8B100E50AB6 /* BackgroundAndOverlayBootcamp.swift */; };
		3CB907192AE82F3900E50AB6 /* StacksBootcamp.swift in Sources */ = {isa = PBXBuildFile; fileRef = 3CB907182AE82F3900E50AB6 /* StacksBootcamp.swift */; };
		3CB9071B2AE9833B00E50AB6 /* PaddingBootcamp.swift in Sources */ = {isa = PBXBuildFile; fileRef = 3CB9071A2AE9833B00E50AB6 /* PaddingBootcamp.swift */; };
		3CB9071D2AEACF4F00E50AB6 /* SpacerBootcamp.swift in Sources */ = {isa = PBXBuildFile; fileRef = 3CB9071C2AEACF4F00E50AB6 /* SpacerBootcamp.swift */; };
		3CBCC2B82ADDA5CD00705845 /* ShapesBootcamp.swift in Sources */ = {isa = PBXBuildFile; fileRef = 3CBCC2B72ADDA5CD00705845 /* ShapesBootcamp.swift */; };
		3CBCC2BA2ADEF9B200705845 /* ColorsBootcamp.swift in Sources */ = {isa = PBXBuildFile; fileRef = 3CBCC2B92ADEF9B200705845 /* ColorsBootcamp.swift */; };
		3CBCC2BC2AE04BB800705845 /* GradientsBootcamp.swift in Sources */ = {isa = PBXBuildFile; fileRef = 3CBCC2BB2AE04BB800705845 /* GradientsBootcamp.swift */; };
		3CBCC2BE2AE198B400705845 /* IconsBootcamp.swift in Sources */ = {isa = PBXBuildFile; fileRef = 3CBCC2BD2AE198B400705845 /* IconsBootcamp.swift */; };
		3CE3CAB52B2B6E52006DEF3A /* BadgesBootcamp.swift in Sources */ = {isa = PBXBuildFile; fileRef = 3CE3CAB42B2B6E52006DEF3A /* BadgesBootcamp.swift */; };
		3CF7DFB52AE4280900A7F564 /* ImageBootvamp.swift in Sources */ = {isa = PBXBuildFile; fileRef = 3CF7DFB42AE4280900A7F564 /* ImageBootvamp.swift */; };
		3CF7DFB72AE582D100A7F564 /* FrameBootcamp.swift in Sources */ = {isa = PBXBuildFile; fileRef = 3CF7DFB62AE582D100A7F564 /* FrameBootcamp.swift */; };
		3CF8900C2B2A1EF000D5EE0D /* ListSwipeActionsBootcamp.swift in Sources */ = {isa = PBXBuildFile; fileRef = 3CF8900B2B2A1EF000D5EE0D /* ListSwipeActionsBootcamp.swift */; };
/* End PBXBuildFile section */

/* Begin PBXFileReference section */
		3C0DA0792B2780BC0058E021 /* BackgroundMaterialsBootcamp.swift */ = {isa = PBXFileReference; lastKnownFileType = sourcecode.swift; path = BackgroundMaterialsBootcamp.swift; sourceTree = "<group>"; };
		3C0DA07B2B2785610058E021 /* TextSelectionBootcamp.swift */ = {isa = PBXFileReference; lastKnownFileType = sourcecode.swift; path = TextSelectionBootcamp.swift; sourceTree = "<group>"; };
		3C1476E02B30B0760035FC32 /* SubmitTextFieldBootcamp.swift */ = {isa = PBXFileReference; lastKnownFileType = sourcecode.swift; path = SubmitTextFieldBootcamp.swift; sourceTree = "<group>"; };
		3C1476E22B3204ED0035FC32 /* NavigationStackBootcamp.swift */ = {isa = PBXFileReference; lastKnownFileType = sourcecode.swift; path = NavigationStackBootcamp.swift; sourceTree = "<group>"; };
		3C1476E42B335E390035FC32 /* ToolbarBootcamp.swift */ = {isa = PBXFileReference; lastKnownFileType = sourcecode.swift; path = ToolbarBootcamp.swift; sourceTree = "<group>"; };
		3C1476E62B34A17B0035FC32 /* ResizableSheetBootcamp.swift */ = {isa = PBXFileReference; lastKnownFileType = sourcecode.swift; path = ResizableSheetBootcamp.swift; sourceTree = "<group>"; };
		3C1476E82B371EC40035FC32 /* SafeAreaInset.swift */ = {isa = PBXFileReference; lastKnownFileType = sourcecode.swift; path = SafeAreaInset.swift; sourceTree = "<group>"; };
		3C1476EA2B3725220035FC32 /* GroupBootcamp.swift */ = {isa = PBXFileReference; lastKnownFileType = sourcecode.swift; path = GroupBootcamp.swift; sourceTree = "<group>"; };
		3C1476EC2B37273C0035FC32 /* AnimationUpdatedBootcamp.swift */ = {isa = PBXFileReference; lastKnownFileType = sourcecode.swift; path = AnimationUpdatedBootcamp.swift; sourceTree = "<group>"; };
		3C1476EE2B372D0B0035FC32 /* MenuBootcamp.swift */ = {isa = PBXFileReference; lastKnownFileType = sourcecode.swift; path = MenuBootcamp.swift; sourceTree = "<group>"; };
		3C1476F02B3897DB0035FC32 /* NativePopoverBootcamp.swift */ = {isa = PBXFileReference; lastKnownFileType = sourcecode.swift; path = NativePopoverBootcamp.swift; sourceTree = "<group>"; };
		3C1476F22B39F58B0035FC32 /* AnyLayoutBootcamp.swift */ = {isa = PBXFileReference; lastKnownFileType = sourcecode.swift; path = AnyLayoutBootcamp.swift; sourceTree = "<group>"; };
		3C1476F42B3B453D0035FC32 /* ViewThatFitsBootcamp.swift */ = {isa = PBXFileReference; lastKnownFileType = sourcecode.swift; path = ViewThatFitsBootcamp.swift; sourceTree = "<group>"; };
		3C1AF0DE2AED4B610062EDD8 /* InitializerBootcamp.swift */ = {isa = PBXFileReference; lastKnownFileType = sourcecode.swift; path = InitializerBootcamp.swift; sourceTree = "<group>"; };
		3C1AF0E02AEE5E520062EDD8 /* ForEachBootcamp.swift */ = {isa = PBXFileReference; lastKnownFileType = sourcecode.swift; path = ForEachBootcamp.swift; sourceTree = "<group>"; };
		3C1AF0E22AEE677E0062EDD8 /* ScrollViewBootcamp.swift */ = {isa = PBXFileReference; lastKnownFileType = sourcecode.swift; path = ScrollViewBootcamp.swift; sourceTree = "<group>"; };
		3C1C1FC12AF0122C00E46CF7 /* GridBootcamp.swift */ = {isa = PBXFileReference; lastKnownFileType = sourcecode.swift; path = GridBootcamp.swift; sourceTree = "<group>"; };
		3C1C1FC32AF2B98300E46CF7 /* SafeAreaBootcamp.swift */ = {isa = PBXFileReference; lastKnownFileType = sourcecode.swift; path = SafeAreaBootcamp.swift; sourceTree = "<group>"; };
		3C1C1FC52AF4020D00E46CF7 /* ButtonBootcamp.swift */ = {isa = PBXFileReference; lastKnownFileType = sourcecode.swift; path = ButtonBootcamp.swift; sourceTree = "<group>"; };
		3C265DDB2AFAA05400E39C8E /* AnimationBootcamp.swift */ = {isa = PBXFileReference; lastKnownFileType = sourcecode.swift; path = AnimationBootcamp.swift; sourceTree = "<group>"; };
		3C265DDD2AFBF65D00E39C8E /* AnimationTimingBootcamp.swift */ = {isa = PBXFileReference; lastKnownFileType = sourcecode.swift; path = AnimationTimingBootcamp.swift; sourceTree = "<group>"; };
		3C265DDF2AFD420400E39C8E /* TransitionBootcamp.swift */ = {isa = PBXFileReference; lastKnownFileType = sourcecode.swift; path = TransitionBootcamp.swift; sourceTree = "<group>"; };
		3C265DE12AFFB8D600E39C8E /* SheetsBootcamp.swift */ = {isa = PBXFileReference; lastKnownFileType = sourcecode.swift; path = SheetsBootcamp.swift; sourceTree = "<group>"; };
		3C265DE32AFFC13900E39C8E /* PopoverBootcamp.swift */ = {isa = PBXFileReference; lastKnownFileType = sourcecode.swift; path = PopoverBootcamp.swift; sourceTree = "<group>"; };
		3C265DE52B0140E900E39C8E /* NavigationViewBootcamp.swift */ = {isa = PBXFileReference; lastKnownFileType = sourcecode.swift; path = NavigationViewBootcamp.swift; sourceTree = "<group>"; };
		3C265DE72B028C9400E39C8E /* ListBootcamp.swift */ = {isa = PBXFileReference; lastKnownFileType = sourcecode.swift; path = ListBootcamp.swift; sourceTree = "<group>"; };
		3C265DE92B03DC0D00E39C8E /* AlertBootcamp.swift */ = {isa = PBXFileReference; lastKnownFileType = sourcecode.swift; path = AlertBootcamp.swift; sourceTree = "<group>"; };
		3C265DEB2B05330800E39C8E /* ActionsheetBootcamp.swift */ = {isa = PBXFileReference; lastKnownFileType = sourcecode.swift; path = ActionsheetBootcamp.swift; sourceTree = "<group>"; };
		3C265DED2B06809100E39C8E /* ContextMenuBootcamp.swift */ = {isa = PBXFileReference; lastKnownFileType = sourcecode.swift; path = ContextMenuBootcamp.swift; sourceTree = "<group>"; };
		3C2969962B15024A00B242A1 /* DarkModeBootcamp.swift */ = {isa = PBXFileReference; lastKnownFileType = sourcecode.swift; path = DarkModeBootcamp.swift; sourceTree = "<group>"; };
		3C2969982B16497100B242A1 /* DocumentationBootcamp.swift */ = {isa = PBXFileReference; lastKnownFileType = sourcecode.swift; path = DocumentationBootcamp.swift; sourceTree = "<group>"; };
		3C29699A2B17A9A700B242A1 /* OnAppearBootcamp.swift */ = {isa = PBXFileReference; lastKnownFileType = sourcecode.swift; path = OnAppearBootcamp.swift; sourceTree = "<group>"; };
		3C29699C2B18FAA000B242A1 /* IfLetGuardBootcamp.swift */ = {isa = PBXFileReference; lastKnownFileType = sourcecode.swift; path = IfLetGuardBootcamp.swift; sourceTree = "<group>"; };
		3C29699E2B1B6D5900B242A1 /* TapGestureBootcamp.swift */ = {isa = PBXFileReference; lastKnownFileType = sourcecode.swift; path = TapGestureBootcamp.swift; sourceTree = "<group>"; };
		3C2969A02B1CE6FC00B242A1 /* ModelBootcamp.swift */ = {isa = PBXFileReference; lastKnownFileType = sourcecode.swift; path = ModelBootcamp.swift; sourceTree = "<group>"; };
		3C2969A22B1E3EAC00B242A1 /* ViewModelBootcamp.swift */ = {isa = PBXFileReference; lastKnownFileType = sourcecode.swift; path = ViewModelBootcamp.swift; sourceTree = "<group>"; };
		3C2969A42B1F886C00B242A1 /* EnvironmentObjectBootcamp.swift */ = {isa = PBXFileReference; lastKnownFileType = sourcecode.swift; path = EnvironmentObjectBootcamp.swift; sourceTree = "<group>"; };
		3C3285D22B20DC2100E08449 /* AppStorageBootcamp.swift */ = {isa = PBXFileReference; lastKnownFileType = sourcecode.swift; path = AppStorageBootcamp.swift; sourceTree = "<group>"; };
		3C36F3DB2B22315400323C6F /* IntroView.swift */ = {isa = PBXFileReference; lastKnownFileType = sourcecode.swift; path = IntroView.swift; sourceTree = "<group>"; };
		3C36F3DD2B2237B100323C6F /* OnboardingView.swift */ = {isa = PBXFileReference; lastKnownFileType = sourcecode.swift; path = OnboardingView.swift; sourceTree = "<group>"; };
		3C406B632B08F64D00CC12AB /* TextfieldBootcamp.swift */ = {isa = PBXFileReference; lastKnownFileType = sourcecode.swift; path = TextfieldBootcamp.swift; sourceTree = "<group>"; };
		3C406B652B09048900CC12AB /* TextEditorBootcamp.swift */ = {isa = PBXFileReference; lastKnownFileType = sourcecode.swift; path = TextEditorBootcamp.swift; sourceTree = "<group>"; };
		3C406B672B0A81FB00CC12AB /* ToggleBootcamp.swift */ = {isa = PBXFileReference; lastKnownFileType = sourcecode.swift; path = ToggleBootcamp.swift; sourceTree = "<group>"; };
		3C406B692B0D143C00CC12AB /* PickerBootcamp.swift */ = {isa = PBXFileReference; lastKnownFileType = sourcecode.swift; path = PickerBootcamp.swift; sourceTree = "<group>"; };
		3C406B6B2B0E66A300CC12AB /* ColorPickerBootcamp.swift */ = {isa = PBXFileReference; lastKnownFileType = sourcecode.swift; path = ColorPickerBootcamp.swift; sourceTree = "<group>"; };
		3C406B6D2B0E6BA600CC12AB /* DatePickerBootcamp.swift */ = {isa = PBXFileReference; lastKnownFileType = sourcecode.swift; path = DatePickerBootcamp.swift; sourceTree = "<group>"; };
		3C406B6F2B0FB2D200CC12AB /* StepperBootcamp.swift */ = {isa = PBXFileReference; lastKnownFileType = sourcecode.swift; path = StepperBootcamp.swift; sourceTree = "<group>"; };
		3C6981892B28C97600C7AD7E /* ButtonStylesBootcamp.swift */ = {isa = PBXFileReference; lastKnownFileType = sourcecode.swift; path = ButtonStylesBootcamp.swift; sourceTree = "<group>"; };
		3C6C964A2B1223F400D5BC34 /* SliderBootcamp.swift */ = {isa = PBXFileReference; lastKnownFileType = sourcecode.swift; path = SliderBootcamp.swift; sourceTree = "<group>"; };
		3C6C964C2B13B31300D5BC34 /* TabViewBootcamp.swift */ = {isa = PBXFileReference; lastKnownFileType = sourcecode.swift; path = TabViewBootcamp.swift; sourceTree = "<group>"; };
		3C6F6AA22B2DDB7B000616E8 /* FocusStateBootcamp.swift */ = {isa = PBXFileReference; lastKnownFileType = sourcecode.swift; path = FocusStateBootcamp.swift; sourceTree = "<group>"; };
		3C7F7DB62B24E1C500824BC6 /* ProfileView.swift */ = {isa = PBXFileReference; lastKnownFileType = sourcecode.swift; path = ProfileView.swift; sourceTree = "<group>"; };
		3C7F7DB82B26061600824BC6 /* AsyncImageBootcamp.swift */ = {isa = PBXFileReference; lastKnownFileType = sourcecode.swift; path = AsyncImageBootcamp.swift; sourceTree = "<group>"; };
		3C9BBC772ADAEC8C006FE992 /* SwiftfulThinkingBootcamp.app */ = {isa = PBXFileReference; explicitFileType = wrapper.application; includeInIndex = 0; path = SwiftfulThinkingBootcamp.app; sourceTree = BUILT_PRODUCTS_DIR; };
		3C9BBC7A2ADAEC8C006FE992 /* SwiftfulThinkingBootcampApp.swift */ = {isa = PBXFileReference; lastKnownFileType = sourcecode.swift; path = SwiftfulThinkingBootcampApp.swift; sourceTree = "<group>"; };
		3C9BBC7C2ADAEC8C006FE992 /* ContentView.swift */ = {isa = PBXFileReference; lastKnownFileType = sourcecode.swift; path = ContentView.swift; sourceTree = "<group>"; };
		3C9BBC7E2ADAEC8E006FE992 /* Assets.xcassets */ = {isa = PBXFileReference; lastKnownFileType = folder.assetcatalog; path = Assets.xcassets; sourceTree = "<group>"; };
		3C9BBC812ADAEC8E006FE992 /* Preview Assets.xcassets */ = {isa = PBXFileReference; lastKnownFileType = folder.assetcatalog; path = "Preview Assets.xcassets"; sourceTree = "<group>"; };
		3C9BBC882ADC48E7006FE992 /* TextBootcamp.swift */ = {isa = PBXFileReference; lastKnownFileType = sourcecode.swift; path = TextBootcamp.swift; sourceTree = "<group>"; };
		3CAD824B2AF657B20075D162 /* StateBootcamp.swift */ = {isa = PBXFileReference; lastKnownFileType = sourcecode.swift; path = StateBootcamp.swift; sourceTree = "<group>"; };
		3CAD824D2AF6B1BD0075D162 /* ExtractedFunctionsBootcamp.swift */ = {isa = PBXFileReference; lastKnownFileType = sourcecode.swift; path = ExtractedFunctionsBootcamp.swift; sourceTree = "<group>"; };
		3CAD824F2AF806180075D162 /* ExtractSubviewsBootcamp.swift */ = {isa = PBXFileReference; lastKnownFileType = sourcecode.swift; path = ExtractSubviewsBootcamp.swift; sourceTree = "<group>"; };
		3CAD82512AF8D1490075D162 /* BindingBootcamp.swift */ = {isa = PBXFileReference; lastKnownFileType = sourcecode.swift; path = BindingBootcamp.swift; sourceTree = "<group>"; };
		3CAD82532AF8E1330075D162 /* ConditionalBootcamp.swift */ = {isa = PBXFileReference; lastKnownFileType = sourcecode.swift; path = ConditionalBootcamp.swift; sourceTree = "<group>"; };
		3CAD82552AF953E20075D162 /* TarnaryBootcamp.swift */ = {isa = PBXFileReference; lastKnownFileType = sourcecode.swift; path = TarnaryBootcamp.swift; sourceTree = "<group>"; };
		3CB907162AE6D8B100E50AB6 /* BackgroundAndOverlayBootcamp.swift */ = {isa = PBXFileReference; lastKnownFileType = sourcecode.swift; path = BackgroundAndOverlayBootcamp.swift; sourceTree = "<group>"; };
		3CB907182AE82F3900E50AB6 /* StacksBootcamp.swift */ = {isa = PBXFileReference; lastKnownFileType = sourcecode.swift; path = StacksBootcamp.swift; sourceTree = "<group>"; };
		3CB9071A2AE9833B00E50AB6 /* PaddingBootcamp.swift */ = {isa = PBXFileReference; lastKnownFileType = sourcecode.swift; path = PaddingBootcamp.swift; sourceTree = "<group>"; };
		3CB9071C2AEACF4F00E50AB6 /* SpacerBootcamp.swift */ = {isa = PBXFileReference; lastKnownFileType = sourcecode.swift; path = SpacerBootcamp.swift; sourceTree = "<group>"; };
		3CBCC2B72ADDA5CD00705845 /* ShapesBootcamp.swift */ = {isa = PBXFileReference; lastKnownFileType = sourcecode.swift; path = ShapesBootcamp.swift; sourceTree = "<group>"; };
		3CBCC2B92ADEF9B200705845 /* ColorsBootcamp.swift */ = {isa = PBXFileReference; lastKnownFileType = sourcecode.swift; path = ColorsBootcamp.swift; sourceTree = "<group>"; };
		3CBCC2BB2AE04BB800705845 /* GradientsBootcamp.swift */ = {isa = PBXFileReference; lastKnownFileType = sourcecode.swift; path = GradientsBootcamp.swift; sourceTree = "<group>"; };
		3CBCC2BD2AE198B400705845 /* IconsBootcamp.swift */ = {isa = PBXFileReference; lastKnownFileType = sourcecode.swift; path = IconsBootcamp.swift; sourceTree = "<group>"; };
		3CE3CAB42B2B6E52006DEF3A /* BadgesBootcamp.swift */ = {isa = PBXFileReference; lastKnownFileType = sourcecode.swift; path = BadgesBootcamp.swift; sourceTree = "<group>"; };
		3CF7DFB42AE4280900A7F564 /* ImageBootvamp.swift */ = {isa = PBXFileReference; lastKnownFileType = sourcecode.swift; path = ImageBootvamp.swift; sourceTree = "<group>"; };
		3CF7DFB62AE582D100A7F564 /* FrameBootcamp.swift */ = {isa = PBXFileReference; lastKnownFileType = sourcecode.swift; path = FrameBootcamp.swift; sourceTree = "<group>"; };
		3CF8900B2B2A1EF000D5EE0D /* ListSwipeActionsBootcamp.swift */ = {isa = PBXFileReference; lastKnownFileType = sourcecode.swift; path = ListSwipeActionsBootcamp.swift; sourceTree = "<group>"; };
/* End PBXFileReference section */

/* Begin PBXFrameworksBuildPhase section */
		3C9BBC742ADAEC8C006FE992 /* Frameworks */ = {
			isa = PBXFrameworksBuildPhase;
			buildActionMask = 2147483647;
			files = (
			);
			runOnlyForDeploymentPostprocessing = 0;
		};
/* End PBXFrameworksBuildPhase section */

/* Begin PBXGroup section */
		3C36F3DA2B22311800323C6F /* OnboardingViews */ = {
			isa = PBXGroup;
			children = (
				3C36F3DB2B22315400323C6F /* IntroView.swift */,
				3C36F3DD2B2237B100323C6F /* OnboardingView.swift */,
				3C7F7DB62B24E1C500824BC6 /* ProfileView.swift */,
			);
			path = OnboardingViews;
			sourceTree = "<group>";
		};
		3C9BBC6E2ADAEC8C006FE992 = {
			isa = PBXGroup;
			children = (
				3C9BBC792ADAEC8C006FE992 /* SwiftfulThinkingBootcamp */,
				3C9BBC782ADAEC8C006FE992 /* Products */,
			);
			sourceTree = "<group>";
		};
		3C9BBC782ADAEC8C006FE992 /* Products */ = {
			isa = PBXGroup;
			children = (
				3C9BBC772ADAEC8C006FE992 /* SwiftfulThinkingBootcamp.app */,
			);
			name = Products;
			sourceTree = "<group>";
		};
		3C9BBC792ADAEC8C006FE992 /* SwiftfulThinkingBootcamp */ = {
			isa = PBXGroup;
			children = (
				3C9BBC7A2ADAEC8C006FE992 /* SwiftfulThinkingBootcampApp.swift */,
				3C9BBC882ADC48E7006FE992 /* TextBootcamp.swift */,
				3C9BBC7C2ADAEC8C006FE992 /* ContentView.swift */,
				3CBCC2B92ADEF9B200705845 /* ColorsBootcamp.swift */,
				3CBCC2BB2AE04BB800705845 /* GradientsBootcamp.swift */,
				3CBCC2BD2AE198B400705845 /* IconsBootcamp.swift */,
				3CF7DFB42AE4280900A7F564 /* ImageBootvamp.swift */,
				3CB907182AE82F3900E50AB6 /* StacksBootcamp.swift */,
				3CBCC2B72ADDA5CD00705845 /* ShapesBootcamp.swift */,
				3C1AF0E02AEE5E520062EDD8 /* ForEachBootcamp.swift */,
				3C1AF0E22AEE677E0062EDD8 /* ScrollViewBootcamp.swift */,
				3C1C1FC12AF0122C00E46CF7 /* GridBootcamp.swift */,
				3C1C1FC32AF2B98300E46CF7 /* SafeAreaBootcamp.swift */,
				3CB9071C2AEACF4F00E50AB6 /* SpacerBootcamp.swift */,
				3C1AF0DE2AED4B610062EDD8 /* InitializerBootcamp.swift */,
				3CF7DFB62AE582D100A7F564 /* FrameBootcamp.swift */,
				3CB907162AE6D8B100E50AB6 /* BackgroundAndOverlayBootcamp.swift */,
				3C1C1FC52AF4020D00E46CF7 /* ButtonBootcamp.swift */,
				3CAD824B2AF657B20075D162 /* StateBootcamp.swift */,
				3CAD824D2AF6B1BD0075D162 /* ExtractedFunctionsBootcamp.swift */,
				3CAD824F2AF806180075D162 /* ExtractSubviewsBootcamp.swift */,
				3CAD82512AF8D1490075D162 /* BindingBootcamp.swift */,
				3CAD82532AF8E1330075D162 /* ConditionalBootcamp.swift */,
				3CAD82552AF953E20075D162 /* TarnaryBootcamp.swift */,
				3C265DDB2AFAA05400E39C8E /* AnimationBootcamp.swift */,
				3C265DDD2AFBF65D00E39C8E /* AnimationTimingBootcamp.swift */,
				3CB9071A2AE9833B00E50AB6 /* PaddingBootcamp.swift */,
				3C265DDF2AFD420400E39C8E /* TransitionBootcamp.swift */,
				3C265DE12AFFB8D600E39C8E /* SheetsBootcamp.swift */,
				3C265DE32AFFC13900E39C8E /* PopoverBootcamp.swift */,
				3C265DE52B0140E900E39C8E /* NavigationViewBootcamp.swift */,
				3C265DE72B028C9400E39C8E /* ListBootcamp.swift */,
				3C265DE92B03DC0D00E39C8E /* AlertBootcamp.swift */,
				3C265DEB2B05330800E39C8E /* ActionsheetBootcamp.swift */,
				3C265DED2B06809100E39C8E /* ContextMenuBootcamp.swift */,
				3C406B632B08F64D00CC12AB /* TextfieldBootcamp.swift */,
				3C406B652B09048900CC12AB /* TextEditorBootcamp.swift */,
				3C406B672B0A81FB00CC12AB /* ToggleBootcamp.swift */,
				3C406B692B0D143C00CC12AB /* PickerBootcamp.swift */,
				3C406B6B2B0E66A300CC12AB /* ColorPickerBootcamp.swift */,
				3C406B6D2B0E6BA600CC12AB /* DatePickerBootcamp.swift */,
				3C406B6F2B0FB2D200CC12AB /* StepperBootcamp.swift */,
				3C6C964A2B1223F400D5BC34 /* SliderBootcamp.swift */,
				3C6C964C2B13B31300D5BC34 /* TabViewBootcamp.swift */,
				3C2969962B15024A00B242A1 /* DarkModeBootcamp.swift */,
				3C2969982B16497100B242A1 /* DocumentationBootcamp.swift */,
				3C29699A2B17A9A700B242A1 /* OnAppearBootcamp.swift */,
				3C29699C2B18FAA000B242A1 /* IfLetGuardBootcamp.swift */,
				3C29699E2B1B6D5900B242A1 /* TapGestureBootcamp.swift */,
				3C2969A02B1CE6FC00B242A1 /* ModelBootcamp.swift */,
				3C2969A22B1E3EAC00B242A1 /* ViewModelBootcamp.swift */,
				3C2969A42B1F886C00B242A1 /* EnvironmentObjectBootcamp.swift */,
				3C3285D22B20DC2100E08449 /* AppStorageBootcamp.swift */,
				3C36F3DA2B22311800323C6F /* OnboardingViews */,
				3C7F7DB82B26061600824BC6 /* AsyncImageBootcamp.swift */,
				3C0DA0792B2780BC0058E021 /* BackgroundMaterialsBootcamp.swift */,
				3C0DA07B2B2785610058E021 /* TextSelectionBootcamp.swift */,
				3C6981892B28C97600C7AD7E /* ButtonStylesBootcamp.swift */,
				3CF8900B2B2A1EF000D5EE0D /* ListSwipeActionsBootcamp.swift */,
				3CE3CAB42B2B6E52006DEF3A /* BadgesBootcamp.swift */,
				3C6F6AA22B2DDB7B000616E8 /* FocusStateBootcamp.swift */,
				3C1476E02B30B0760035FC32 /* SubmitTextFieldBootcamp.swift */,
				3C1476E22B3204ED0035FC32 /* NavigationStackBootcamp.swift */,
				3C1476E42B335E390035FC32 /* ToolbarBootcamp.swift */,
				3C1476E62B34A17B0035FC32 /* ResizableSheetBootcamp.swift */,
				3C1476E82B371EC40035FC32 /* SafeAreaInset.swift */,
				3C1476EA2B3725220035FC32 /* GroupBootcamp.swift */,
				3C1476EC2B37273C0035FC32 /* AnimationUpdatedBootcamp.swift */,
				3C1476EE2B372D0B0035FC32 /* MenuBootcamp.swift */,
				3C1476F02B3897DB0035FC32 /* NativePopoverBootcamp.swift */,
				3C1476F22B39F58B0035FC32 /* AnyLayoutBootcamp.swift */,
				3C1476F42B3B453D0035FC32 /* ViewThatFitsBootcamp.swift */,
				3C9BBC7E2ADAEC8E006FE992 /* Assets.xcassets */,
				3C9BBC802ADAEC8E006FE992 /* Preview Content */,
			);
			path = SwiftfulThinkingBootcamp;
			sourceTree = "<group>";
		};
		3C9BBC802ADAEC8E006FE992 /* Preview Content */ = {
			isa = PBXGroup;
			children = (
				3C9BBC812ADAEC8E006FE992 /* Preview Assets.xcassets */,
			);
			path = "Preview Content";
			sourceTree = "<group>";
		};
/* End PBXGroup section */

/* Begin PBXNativeTarget section */
		3C9BBC762ADAEC8C006FE992 /* SwiftfulThinkingBootcamp */ = {
			isa = PBXNativeTarget;
			buildConfigurationList = 3C9BBC852ADAEC8E006FE992 /* Build configuration list for PBXNativeTarget "SwiftfulThinkingBootcamp" */;
			buildPhases = (
				3C9BBC732ADAEC8C006FE992 /* Sources */,
				3C9BBC742ADAEC8C006FE992 /* Frameworks */,
				3C9BBC752ADAEC8C006FE992 /* Resources */,
			);
			buildRules = (
			);
			dependencies = (
			);
			name = SwiftfulThinkingBootcamp;
			productName = SwiftfulThinkingBootcamp;
			productReference = 3C9BBC772ADAEC8C006FE992 /* SwiftfulThinkingBootcamp.app */;
			productType = "com.apple.product-type.application";
		};
/* End PBXNativeTarget section */

/* Begin PBXProject section */
		3C9BBC6F2ADAEC8C006FE992 /* Project object */ = {
			isa = PBXProject;
			attributes = {
				BuildIndependentTargetsInParallel = 1;
				LastSwiftUpdateCheck = 1500;
				LastUpgradeCheck = 1500;
				TargetAttributes = {
					3C9BBC762ADAEC8C006FE992 = {
						CreatedOnToolsVersion = 15.0;
					};
				};
			};
			buildConfigurationList = 3C9BBC722ADAEC8C006FE992 /* Build configuration list for PBXProject "SwiftfulThinkingBootcamp" */;
			compatibilityVersion = "Xcode 14.0";
			developmentRegion = en;
			hasScannedForEncodings = 0;
			knownRegions = (
				en,
				Base,
			);
			mainGroup = 3C9BBC6E2ADAEC8C006FE992;
			productRefGroup = 3C9BBC782ADAEC8C006FE992 /* Products */;
			projectDirPath = "";
			projectRoot = "";
			targets = (
				3C9BBC762ADAEC8C006FE992 /* SwiftfulThinkingBootcamp */,
			);
		};
/* End PBXProject section */

/* Begin PBXResourcesBuildPhase section */
		3C9BBC752ADAEC8C006FE992 /* Resources */ = {
			isa = PBXResourcesBuildPhase;
			buildActionMask = 2147483647;
			files = (
				3C9BBC822ADAEC8E006FE992 /* Preview Assets.xcassets in Resources */,
				3C9BBC7F2ADAEC8E006FE992 /* Assets.xcassets in Resources */,
			);
			runOnlyForDeploymentPostprocessing = 0;
		};
/* End PBXResourcesBuildPhase section */

/* Begin PBXSourcesBuildPhase section */
		3C9BBC732ADAEC8C006FE992 /* Sources */ = {
			isa = PBXSourcesBuildPhase;
			buildActionMask = 2147483647;
			files = (
				3C265DEC2B05330800E39C8E /* ActionsheetBootcamp.swift in Sources */,
				3C265DE22AFFB8D600E39C8E /* SheetsBootcamp.swift in Sources */,
				3CBCC2BC2AE04BB800705845 /* GradientsBootcamp.swift in Sources */,
				3C6C964D2B13B31300D5BC34 /* TabViewBootcamp.swift in Sources */,
				3CB907172AE6D8B100E50AB6 /* BackgroundAndOverlayBootcamp.swift in Sources */,
				3C29699F2B1B6D5900B242A1 /* TapGestureBootcamp.swift in Sources */,
				3C2969A12B1CE6FC00B242A1 /* ModelBootcamp.swift in Sources */,
				3C406B662B09048900CC12AB /* TextEditorBootcamp.swift in Sources */,
				3CAD82562AF953E30075D162 /* TarnaryBootcamp.swift in Sources */,
				3C1AF0E32AEE677E0062EDD8 /* ScrollViewBootcamp.swift in Sources */,
				3C406B6E2B0E6BA600CC12AB /* DatePickerBootcamp.swift in Sources */,
				3CB9071B2AE9833B00E50AB6 /* PaddingBootcamp.swift in Sources */,
				3C265DEE2B06809100E39C8E /* ContextMenuBootcamp.swift in Sources */,
				3C406B642B08F64D00CC12AB /* TextfieldBootcamp.swift in Sources */,
				3C1476EF2B372D0B0035FC32 /* MenuBootcamp.swift in Sources */,
				3CAD824C2AF657B20075D162 /* StateBootcamp.swift in Sources */,
				3CF7DFB52AE4280900A7F564 /* ImageBootvamp.swift in Sources */,
				3C7F7DB92B26061600824BC6 /* AsyncImageBootcamp.swift in Sources */,
				3CAD82502AF806180075D162 /* ExtractSubviewsBootcamp.swift in Sources */,
				3C29699D2B18FAA000B242A1 /* IfLetGuardBootcamp.swift in Sources */,
				3CF7DFB72AE582D100A7F564 /* FrameBootcamp.swift in Sources */,
				3C0DA07C2B2785610058E021 /* TextSelectionBootcamp.swift in Sources */,
				3CAD824E2AF6B1BD0075D162 /* ExtractedFunctionsBootcamp.swift in Sources */,
				3C1476E32B3204ED0035FC32 /* NavigationStackBootcamp.swift in Sources */,
				3C1476ED2B37273C0035FC32 /* AnimationUpdatedBootcamp.swift in Sources */,
				3CAD82542AF8E1330075D162 /* ConditionalBootcamp.swift in Sources */,
				3C265DEA2B03DC0D00E39C8E /* AlertBootcamp.swift in Sources */,
				3C1AF0DF2AED4B610062EDD8 /* InitializerBootcamp.swift in Sources */,
				3C36F3DC2B22315400323C6F /* IntroView.swift in Sources */,
				3C1C1FC42AF2B98300E46CF7 /* SafeAreaBootcamp.swift in Sources */,
				3C1476E52B335E390035FC32 /* ToolbarBootcamp.swift in Sources */,
				3C1476E72B34A17B0035FC32 /* ResizableSheetBootcamp.swift in Sources */,
				3C406B6A2B0D143C00CC12AB /* PickerBootcamp.swift in Sources */,
				3C265DDE2AFBF65D00E39C8E /* AnimationTimingBootcamp.swift in Sources */,
				3CBCC2BA2ADEF9B200705845 /* ColorsBootcamp.swift in Sources */,
				3C69818A2B28C97600C7AD7E /* ButtonStylesBootcamp.swift in Sources */,
				3CBCC2B82ADDA5CD00705845 /* ShapesBootcamp.swift in Sources */,
				3C1AF0E12AEE5E520062EDD8 /* ForEachBootcamp.swift in Sources */,
				3C1C1FC62AF4020D00E46CF7 /* ButtonBootcamp.swift in Sources */,
				3C406B682B0A81FB00CC12AB /* ToggleBootcamp.swift in Sources */,
				3C2969A32B1E3EAC00B242A1 /* ViewModelBootcamp.swift in Sources */,
				3C9BBC7D2ADAEC8C006FE992 /* ContentView.swift in Sources */,
				3C1476EB2B3725220035FC32 /* GroupBootcamp.swift in Sources */,
				3C3285D32B20DC2100E08449 /* AppStorageBootcamp.swift in Sources */,
				3C1476E92B371EC40035FC32 /* SafeAreaInset.swift in Sources */,
				3C29699B2B17A9A700B242A1 /* OnAppearBootcamp.swift in Sources */,
				3C2969992B16497100B242A1 /* DocumentationBootcamp.swift in Sources */,
				3C265DE02AFD420400E39C8E /* TransitionBootcamp.swift in Sources */,
				3C9BBC892ADC48E7006FE992 /* TextBootcamp.swift in Sources */,
				3C1476E12B30B0760035FC32 /* SubmitTextFieldBootcamp.swift in Sources */,
				3C2969972B15024A00B242A1 /* DarkModeBootcamp.swift in Sources */,
				3C7F7DB72B24E1C500824BC6 /* ProfileView.swift in Sources */,
				3C406B702B0FB2D200CC12AB /* StepperBootcamp.swift in Sources */,
				3C1476F32B39F58B0035FC32 /* AnyLayoutBootcamp.swift in Sources */,
				3C265DE42AFFC13900E39C8E /* PopoverBootcamp.swift in Sources */,
				3C406B6C2B0E66A300CC12AB /* ColorPickerBootcamp.swift in Sources */,
				3C36F3DE2B2237B100323C6F /* OnboardingView.swift in Sources */,
				3C6F6AA32B2DDB7B000616E8 /* FocusStateBootcamp.swift in Sources */,
				3CE3CAB52B2B6E52006DEF3A /* BadgesBootcamp.swift in Sources */,
				3CB907192AE82F3900E50AB6 /* StacksBootcamp.swift in Sources */,
				3C0DA07A2B2780BC0058E021 /* BackgroundMaterialsBootcamp.swift in Sources */,
				3CAD82522AF8D1490075D162 /* BindingBootcamp.swift in Sources */,
				3C1476F12B3897DB0035FC32 /* NativePopoverBootcamp.swift in Sources */,
				3C6C964B2B1223F400D5BC34 /* SliderBootcamp.swift in Sources */,
				3C1476F52B3B453D0035FC32 /* ViewThatFitsBootcamp.swift in Sources */,
				3C265DDC2AFAA05400E39C8E /* AnimationBootcamp.swift in Sources */,
				3CB9071D2AEACF4F00E50AB6 /* SpacerBootcamp.swift in Sources */,
				3C265DE62B0140E900E39C8E /* NavigationViewBootcamp.swift in Sources */,
				3C2969A52B1F886C00B242A1 /* EnvironmentObjectBootcamp.swift in Sources */,
				3C1C1FC22AF0122C00E46CF7 /* GridBootcamp.swift in Sources */,
				3C9BBC7B2ADAEC8C006FE992 /* SwiftfulThinkingBootcampApp.swift in Sources */,
				3C265DE82B028C9400E39C8E /* ListBootcamp.swift in Sources */,
				3CBCC2BE2AE198B400705845 /* IconsBootcamp.swift in Sources */,
				3CF8900C2B2A1EF000D5EE0D /* ListSwipeActionsBootcamp.swift in Sources */,
			);
			runOnlyForDeploymentPostprocessing = 0;
		};
/* End PBXSourcesBuildPhase section */

/* Begin XCBuildConfiguration section */
		3C9BBC832ADAEC8E006FE992 /* Debug */ = {
			isa = XCBuildConfiguration;
			buildSettings = {
				ALWAYS_SEARCH_USER_PATHS = NO;
				ASSETCATALOG_COMPILER_GENERATE_SWIFT_ASSET_SYMBOL_EXTENSIONS = YES;
				CLANG_ANALYZER_NONNULL = YES;
				CLANG_ANALYZER_NUMBER_OBJECT_CONVERSION = YES_AGGRESSIVE;
				CLANG_CXX_LANGUAGE_STANDARD = "gnu++20";
				CLANG_ENABLE_MODULES = YES;
				CLANG_ENABLE_OBJC_ARC = YES;
				CLANG_ENABLE_OBJC_WEAK = YES;
				CLANG_WARN_BLOCK_CAPTURE_AUTORELEASING = YES;
				CLANG_WARN_BOOL_CONVERSION = YES;
				CLANG_WARN_COMMA = YES;
				CLANG_WARN_CONSTANT_CONVERSION = YES;
				CLANG_WARN_DEPRECATED_OBJC_IMPLEMENTATIONS = YES;
				CLANG_WARN_DIRECT_OBJC_ISA_USAGE = YES_ERROR;
				CLANG_WARN_DOCUMENTATION_COMMENTS = YES;
				CLANG_WARN_EMPTY_BODY = YES;
				CLANG_WARN_ENUM_CONVERSION = YES;
				CLANG_WARN_INFINITE_RECURSION = YES;
				CLANG_WARN_INT_CONVERSION = YES;
				CLANG_WARN_NON_LITERAL_NULL_CONVERSION = YES;
				CLANG_WARN_OBJC_IMPLICIT_RETAIN_SELF = YES;
				CLANG_WARN_OBJC_LITERAL_CONVERSION = YES;
				CLANG_WARN_OBJC_ROOT_CLASS = YES_ERROR;
				CLANG_WARN_QUOTED_INCLUDE_IN_FRAMEWORK_HEADER = YES;
				CLANG_WARN_RANGE_LOOP_ANALYSIS = YES;
				CLANG_WARN_STRICT_PROTOTYPES = YES;
				CLANG_WARN_SUSPICIOUS_MOVE = YES;
				CLANG_WARN_UNGUARDED_AVAILABILITY = YES_AGGRESSIVE;
				CLANG_WARN_UNREACHABLE_CODE = YES;
				CLANG_WARN__DUPLICATE_METHOD_MATCH = YES;
				COPY_PHASE_STRIP = NO;
				DEBUG_INFORMATION_FORMAT = dwarf;
				ENABLE_STRICT_OBJC_MSGSEND = YES;
				ENABLE_TESTABILITY = YES;
				ENABLE_USER_SCRIPT_SANDBOXING = YES;
				GCC_C_LANGUAGE_STANDARD = gnu17;
				GCC_DYNAMIC_NO_PIC = NO;
				GCC_NO_COMMON_BLOCKS = YES;
				GCC_OPTIMIZATION_LEVEL = 0;
				GCC_PREPROCESSOR_DEFINITIONS = (
					"DEBUG=1",
					"$(inherited)",
				);
				GCC_WARN_64_TO_32_BIT_CONVERSION = YES;
				GCC_WARN_ABOUT_RETURN_TYPE = YES_ERROR;
				GCC_WARN_UNDECLARED_SELECTOR = YES;
				GCC_WARN_UNINITIALIZED_AUTOS = YES_AGGRESSIVE;
				GCC_WARN_UNUSED_FUNCTION = YES;
				GCC_WARN_UNUSED_VARIABLE = YES;
				IPHONEOS_DEPLOYMENT_TARGET = 17.0;
				LOCALIZATION_PREFERS_STRING_CATALOGS = YES;
				MTL_ENABLE_DEBUG_INFO = INCLUDE_SOURCE;
				MTL_FAST_MATH = YES;
				ONLY_ACTIVE_ARCH = YES;
				SDKROOT = iphoneos;
				SWIFT_ACTIVE_COMPILATION_CONDITIONS = "DEBUG $(inherited)";
				SWIFT_OPTIMIZATION_LEVEL = "-Onone";
			};
			name = Debug;
		};
		3C9BBC842ADAEC8E006FE992 /* Release */ = {
			isa = XCBuildConfiguration;
			buildSettings = {
				ALWAYS_SEARCH_USER_PATHS = NO;
				ASSETCATALOG_COMPILER_GENERATE_SWIFT_ASSET_SYMBOL_EXTENSIONS = YES;
				CLANG_ANALYZER_NONNULL = YES;
				CLANG_ANALYZER_NUMBER_OBJECT_CONVERSION = YES_AGGRESSIVE;
				CLANG_CXX_LANGUAGE_STANDARD = "gnu++20";
				CLANG_ENABLE_MODULES = YES;
				CLANG_ENABLE_OBJC_ARC = YES;
				CLANG_ENABLE_OBJC_WEAK = YES;
				CLANG_WARN_BLOCK_CAPTURE_AUTORELEASING = YES;
				CLANG_WARN_BOOL_CONVERSION = YES;
				CLANG_WARN_COMMA = YES;
				CLANG_WARN_CONSTANT_CONVERSION = YES;
				CLANG_WARN_DEPRECATED_OBJC_IMPLEMENTATIONS = YES;
				CLANG_WARN_DIRECT_OBJC_ISA_USAGE = YES_ERROR;
				CLANG_WARN_DOCUMENTATION_COMMENTS = YES;
				CLANG_WARN_EMPTY_BODY = YES;
				CLANG_WARN_ENUM_CONVERSION = YES;
				CLANG_WARN_INFINITE_RECURSION = YES;
				CLANG_WARN_INT_CONVERSION = YES;
				CLANG_WARN_NON_LITERAL_NULL_CONVERSION = YES;
				CLANG_WARN_OBJC_IMPLICIT_RETAIN_SELF = YES;
				CLANG_WARN_OBJC_LITERAL_CONVERSION = YES;
				CLANG_WARN_OBJC_ROOT_CLASS = YES_ERROR;
				CLANG_WARN_QUOTED_INCLUDE_IN_FRAMEWORK_HEADER = YES;
				CLANG_WARN_RANGE_LOOP_ANALYSIS = YES;
				CLANG_WARN_STRICT_PROTOTYPES = YES;
				CLANG_WARN_SUSPICIOUS_MOVE = YES;
				CLANG_WARN_UNGUARDED_AVAILABILITY = YES_AGGRESSIVE;
				CLANG_WARN_UNREACHABLE_CODE = YES;
				CLANG_WARN__DUPLICATE_METHOD_MATCH = YES;
				COPY_PHASE_STRIP = NO;
				DEBUG_INFORMATION_FORMAT = "dwarf-with-dsym";
				ENABLE_NS_ASSERTIONS = NO;
				ENABLE_STRICT_OBJC_MSGSEND = YES;
				ENABLE_USER_SCRIPT_SANDBOXING = YES;
				GCC_C_LANGUAGE_STANDARD = gnu17;
				GCC_NO_COMMON_BLOCKS = YES;
				GCC_WARN_64_TO_32_BIT_CONVERSION = YES;
				GCC_WARN_ABOUT_RETURN_TYPE = YES_ERROR;
				GCC_WARN_UNDECLARED_SELECTOR = YES;
				GCC_WARN_UNINITIALIZED_AUTOS = YES_AGGRESSIVE;
				GCC_WARN_UNUSED_FUNCTION = YES;
				GCC_WARN_UNUSED_VARIABLE = YES;
				IPHONEOS_DEPLOYMENT_TARGET = 17.0;
				LOCALIZATION_PREFERS_STRING_CATALOGS = YES;
				MTL_ENABLE_DEBUG_INFO = NO;
				MTL_FAST_MATH = YES;
				SDKROOT = iphoneos;
				SWIFT_COMPILATION_MODE = wholemodule;
				VALIDATE_PRODUCT = YES;
			};
			name = Release;
		};
		3C9BBC862ADAEC8E006FE992 /* Debug */ = {
			isa = XCBuildConfiguration;
			buildSettings = {
				ASSETCATALOG_COMPILER_APPICON_NAME = AppIcon;
				ASSETCATALOG_COMPILER_GLOBAL_ACCENT_COLOR_NAME = AccentColor;
				CODE_SIGN_STYLE = Automatic;
				CURRENT_PROJECT_VERSION = 1;
				DEVELOPMENT_ASSET_PATHS = "\"SwiftfulThinkingBootcamp/Preview Content\"";
				ENABLE_PREVIEWS = YES;
				GENERATE_INFOPLIST_FILE = YES;
				INFOPLIST_KEY_UIApplicationSceneManifest_Generation = YES;
				INFOPLIST_KEY_UIApplicationSupportsIndirectInputEvents = YES;
				INFOPLIST_KEY_UILaunchScreen_Generation = YES;
				INFOPLIST_KEY_UISupportedInterfaceOrientations_iPad = "UIInterfaceOrientationPortrait UIInterfaceOrientationPortraitUpsideDown UIInterfaceOrientationLandscapeLeft UIInterfaceOrientationLandscapeRight";
				INFOPLIST_KEY_UISupportedInterfaceOrientations_iPhone = "UIInterfaceOrientationPortrait UIInterfaceOrientationLandscapeLeft UIInterfaceOrientationLandscapeRight";
				LD_RUNPATH_SEARCH_PATHS = (
					"$(inherited)",
					"@executable_path/Frameworks",
				);
				MARKETING_VERSION = 1.0;
				PRODUCT_BUNDLE_IDENTIFIER = SwiftfulThinking.SwiftfulThinkingBootcamp;
				PRODUCT_NAME = "$(TARGET_NAME)";
				SWIFT_EMIT_LOC_STRINGS = YES;
				SWIFT_VERSION = 5.0;
				TARGETED_DEVICE_FAMILY = "1,2";
			};
			name = Debug;
		};
		3C9BBC872ADAEC8E006FE992 /* Release */ = {
			isa = XCBuildConfiguration;
			buildSettings = {
				ASSETCATALOG_COMPILER_APPICON_NAME = AppIcon;
				ASSETCATALOG_COMPILER_GLOBAL_ACCENT_COLOR_NAME = AccentColor;
				CODE_SIGN_STYLE = Automatic;
				CURRENT_PROJECT_VERSION = 1;
				DEVELOPMENT_ASSET_PATHS = "\"SwiftfulThinkingBootcamp/Preview Content\"";
				ENABLE_PREVIEWS = YES;
				GENERATE_INFOPLIST_FILE = YES;
				INFOPLIST_KEY_UIApplicationSceneManifest_Generation = YES;
				INFOPLIST_KEY_UIApplicationSupportsIndirectInputEvents = YES;
				INFOPLIST_KEY_UILaunchScreen_Generation = YES;
				INFOPLIST_KEY_UISupportedInterfaceOrientations_iPad = "UIInterfaceOrientationPortrait UIInterfaceOrientationPortraitUpsideDown UIInterfaceOrientationLandscapeLeft UIInterfaceOrientationLandscapeRight";
				INFOPLIST_KEY_UISupportedInterfaceOrientations_iPhone = "UIInterfaceOrientationPortrait UIInterfaceOrientationLandscapeLeft UIInterfaceOrientationLandscapeRight";
				LD_RUNPATH_SEARCH_PATHS = (
					"$(inherited)",
					"@executable_path/Frameworks",
				);
				MARKETING_VERSION = 1.0;
				PRODUCT_BUNDLE_IDENTIFIER = SwiftfulThinking.SwiftfulThinkingBootcamp;
				PRODUCT_NAME = "$(TARGET_NAME)";
				SWIFT_EMIT_LOC_STRINGS = YES;
				SWIFT_VERSION = 5.0;
				TARGETED_DEVICE_FAMILY = "1,2";
			};
			name = Release;
		};
/* End XCBuildConfiguration section */

/* Begin XCConfigurationList section */
		3C9BBC722ADAEC8C006FE992 /* Build configuration list for PBXProject "SwiftfulThinkingBootcamp" */ = {
			isa = XCConfigurationList;
			buildConfigurations = (
				3C9BBC832ADAEC8E006FE992 /* Debug */,
				3C9BBC842ADAEC8E006FE992 /* Release */,
			);
			defaultConfigurationIsVisible = 0;
			defaultConfigurationName = Release;
		};
		3C9BBC852ADAEC8E006FE992 /* Build configuration list for PBXNativeTarget "SwiftfulThinkingBootcamp" */ = {
			isa = XCConfigurationList;
			buildConfigurations = (
				3C9BBC862ADAEC8E006FE992 /* Debug */,
				3C9BBC872ADAEC8E006FE992 /* Release */,
			);
			defaultConfigurationIsVisible = 0;
			defaultConfigurationName = Release;
		};
/* End XCConfigurationList section */
	};
	rootObject = 3C9BBC6F2ADAEC8C006FE992 /* Project object */;
}
