// !$*UTF8*$!
{
	archiveVersion = 1;
	classes = {
	};
	objectVersion = 56;
	objects = {

/* Begin PBXBuildFile section */
		3C1AF0DF2AED4B610062EDD8 /* InitializerBootcamp.swift in Sources */ = {isa = PBXBuildFile; fileRef = 3C1AF0DE2AED4B610062EDD8 /* InitializerBootcamp.swift */; };
		3C1AF0E12AEE5E520062EDD8 /* ForEachBootcamp.swift in Sources */ = {isa = PBXBuildFile; fileRef = 3C1AF0E02AEE5E520062EDD8 /* ForEachBootcamp.swift */; };
		3C1AF0E32AEE677E0062EDD8 /* ScrollViewBootcamp.swift in Sources */ = {isa = PBXBuildFile; fileRef = 3C1AF0E22AEE677E0062EDD8 /* ScrollViewBootcamp.swift */; };
		3C1C1FC22AF0122C00E46CF7 /* GridBootcamp.swift in Sources */ = {isa = PBXBuildFile; fileRef = 3C1C1FC12AF0122C00E46CF7 /* GridBootcamp.swift */; };
		3C1C1FC42AF2B98300E46CF7 /* SafeArea.swift in Sources */ = {isa = PBXBuildFile; fileRef = 3C1C1FC32AF2B98300E46CF7 /* SafeArea.swift */; };
		3C9BBC7B2ADAEC8C006FE992 /* SwiftfulThinkingBootcampApp.swift in Sources */ = {isa = PBXBuildFile; fileRef = 3C9BBC7A2ADAEC8C006FE992 /* SwiftfulThinkingBootcampApp.swift */; };
		3C9BBC7D2ADAEC8C006FE992 /* ContentView.swift in Sources */ = {isa = PBXBuildFile; fileRef = 3C9BBC7C2ADAEC8C006FE992 /* ContentView.swift */; };
		3C9BBC7F2ADAEC8E006FE992 /* Assets.xcassets in Resources */ = {isa = PBXBuildFile; fileRef = 3C9BBC7E2ADAEC8E006FE992 /* Assets.xcassets */; };
		3C9BBC822ADAEC8E006FE992 /* Preview Assets.xcassets in Resources */ = {isa = PBXBuildFile; fileRef = 3C9BBC812ADAEC8E006FE992 /* Preview Assets.xcassets */; };
		3C9BBC892ADC48E7006FE992 /* TextBootcamp.swift in Sources */ = {isa = PBXBuildFile; fileRef = 3C9BBC882ADC48E7006FE992 /* TextBootcamp.swift */; };
		3CB907172AE6D8B100E50AB6 /* BackgroundAndOverlayBootcamp.swift in Sources */ = {isa = PBXBuildFile; fileRef = 3CB907162AE6D8B100E50AB6 /* BackgroundAndOverlayBootcamp.swift */; };
		3CB907192AE82F3900E50AB6 /* StacksBootcamp.swift in Sources */ = {isa = PBXBuildFile; fileRef = 3CB907182AE82F3900E50AB6 /* StacksBootcamp.swift */; };
		3CB9071B2AE9833B00E50AB6 /* PaddingBootcamp.swift in Sources */ = {isa = PBXBuildFile; fileRef = 3CB9071A2AE9833B00E50AB6 /* PaddingBootcamp.swift */; };
		3CB9071D2AEACF4F00E50AB6 /* SpacerBootcamp.swift in Sources */ = {isa = PBXBuildFile; fileRef = 3CB9071C2AEACF4F00E50AB6 /* SpacerBootcamp.swift */; };
		3CBCC2B82ADDA5CD00705845 /* ShapesBootcamp.swift in Sources */ = {isa = PBXBuildFile; fileRef = 3CBCC2B72ADDA5CD00705845 /* ShapesBootcamp.swift */; };
		3CBCC2BA2ADEF9B200705845 /* ColorsBootcamp.swift in Sources */ = {isa = PBXBuildFile; fileRef = 3CBCC2B92ADEF9B200705845 /* ColorsBootcamp.swift */; };
		3CBCC2BC2AE04BB800705845 /* GradientsBootcamp.swift in Sources */ = {isa = PBXBuildFile; fileRef = 3CBCC2BB2AE04BB800705845 /* GradientsBootcamp.swift */; };
		3CBCC2BE2AE198B400705845 /* IconsBootcamp.swift in Sources */ = {isa = PBXBuildFile; fileRef = 3CBCC2BD2AE198B400705845 /* IconsBootcamp.swift */; };
		3CF7DFB52AE4280900A7F564 /* ImageBootvamp.swift in Sources */ = {isa = PBXBuildFile; fileRef = 3CF7DFB42AE4280900A7F564 /* ImageBootvamp.swift */; };
		3CF7DFB72AE582D100A7F564 /* FrameBootcamp.swift in Sources */ = {isa = PBXBuildFile; fileRef = 3CF7DFB62AE582D100A7F564 /* FrameBootcamp.swift */; };
/* End PBXBuildFile section */

/* Begin PBXFileReference section */
		3C1AF0DE2AED4B610062EDD8 /* InitializerBootcamp.swift */ = {isa = PBXFileReference; lastKnownFileType = sourcecode.swift; path = InitializerBootcamp.swift; sourceTree = "<group>"; };
		3C1AF0E02AEE5E520062EDD8 /* ForEachBootcamp.swift */ = {isa = PBXFileReference; lastKnownFileType = sourcecode.swift; path = ForEachBootcamp.swift; sourceTree = "<group>"; };
		3C1AF0E22AEE677E0062EDD8 /* ScrollViewBootcamp.swift */ = {isa = PBXFileReference; lastKnownFileType = sourcecode.swift; path = ScrollViewBootcamp.swift; sourceTree = "<group>"; };
		3C1C1FC12AF0122C00E46CF7 /* GridBootcamp.swift */ = {isa = PBXFileReference; lastKnownFileType = sourcecode.swift; path = GridBootcamp.swift; sourceTree = "<group>"; };
		3C1C1FC32AF2B98300E46CF7 /* SafeArea.swift */ = {isa = PBXFileReference; lastKnownFileType = sourcecode.swift; path = SafeArea.swift; sourceTree = "<group>"; };
		3C9BBC772ADAEC8C006FE992 /* SwiftfulThinkingBootcamp.app */ = {isa = PBXFileReference; explicitFileType = wrapper.application; includeInIndex = 0; path = SwiftfulThinkingBootcamp.app; sourceTree = BUILT_PRODUCTS_DIR; };
		3C9BBC7A2ADAEC8C006FE992 /* SwiftfulThinkingBootcampApp.swift */ = {isa = PBXFileReference; lastKnownFileType = sourcecode.swift; path = SwiftfulThinkingBootcampApp.swift; sourceTree = "<group>"; };
		3C9BBC7C2ADAEC8C006FE992 /* ContentView.swift */ = {isa = PBXFileReference; lastKnownFileType = sourcecode.swift; path = ContentView.swift; sourceTree = "<group>"; };
		3C9BBC7E2ADAEC8E006FE992 /* Assets.xcassets */ = {isa = PBXFileReference; lastKnownFileType = folder.assetcatalog; path = Assets.xcassets; sourceTree = "<group>"; };
		3C9BBC812ADAEC8E006FE992 /* Preview Assets.xcassets */ = {isa = PBXFileReference; lastKnownFileType = folder.assetcatalog; path = "Preview Assets.xcassets"; sourceTree = "<group>"; };
		3C9BBC882ADC48E7006FE992 /* TextBootcamp.swift */ = {isa = PBXFileReference; lastKnownFileType = sourcecode.swift; path = TextBootcamp.swift; sourceTree = "<group>"; };
		3CB907162AE6D8B100E50AB6 /* BackgroundAndOverlayBootcamp.swift */ = {isa = PBXFileReference; lastKnownFileType = sourcecode.swift; path = BackgroundAndOverlayBootcamp.swift; sourceTree = "<group>"; };
		3CB907182AE82F3900E50AB6 /* StacksBootcamp.swift */ = {isa = PBXFileReference; lastKnownFileType = sourcecode.swift; path = StacksBootcamp.swift; sourceTree = "<group>"; };
		3CB9071A2AE9833B00E50AB6 /* PaddingBootcamp.swift */ = {isa = PBXFileReference; lastKnownFileType = sourcecode.swift; path = PaddingBootcamp.swift; sourceTree = "<group>"; };
		3CB9071C2AEACF4F00E50AB6 /* SpacerBootcamp.swift */ = {isa = PBXFileReference; lastKnownFileType = sourcecode.swift; path = SpacerBootcamp.swift; sourceTree = "<group>"; };
		3CBCC2B72ADDA5CD00705845 /* ShapesBootcamp.swift */ = {isa = PBXFileReference; lastKnownFileType = sourcecode.swift; path = ShapesBootcamp.swift; sourceTree = "<group>"; };
		3CBCC2B92ADEF9B200705845 /* ColorsBootcamp.swift */ = {isa = PBXFileReference; lastKnownFileType = sourcecode.swift; path = ColorsBootcamp.swift; sourceTree = "<group>"; };
		3CBCC2BB2AE04BB800705845 /* GradientsBootcamp.swift */ = {isa = PBXFileReference; lastKnownFileType = sourcecode.swift; path = GradientsBootcamp.swift; sourceTree = "<group>"; };
		3CBCC2BD2AE198B400705845 /* IconsBootcamp.swift */ = {isa = PBXFileReference; lastKnownFileType = sourcecode.swift; path = IconsBootcamp.swift; sourceTree = "<group>"; };
		3CF7DFB42AE4280900A7F564 /* ImageBootvamp.swift */ = {isa = PBXFileReference; lastKnownFileType = sourcecode.swift; path = ImageBootvamp.swift; sourceTree = "<group>"; };
		3CF7DFB62AE582D100A7F564 /* FrameBootcamp.swift */ = {isa = PBXFileReference; lastKnownFileType = sourcecode.swift; path = FrameBootcamp.swift; sourceTree = "<group>"; };
/* End PBXFileReference section */

/* Begin PBXFrameworksBuildPhase section */
		3C9BBC742ADAEC8C006FE992 /* Frameworks */ = {
			isa = PBXFrameworksBuildPhase;
			buildActionMask = 2147483647;
			files = (
			);
			runOnlyForDeploymentPostprocessing = 0;
		};
/* End PBXFrameworksBuildPhase section */

/* Begin PBXGroup section */
		3C9BBC6E2ADAEC8C006FE992 = {
			isa = PBXGroup;
			children = (
				3C9BBC792ADAEC8C006FE992 /* SwiftfulThinkingBootcamp */,
				3C9BBC782ADAEC8C006FE992 /* Products */,
			);
			sourceTree = "<group>";
		};
		3C9BBC782ADAEC8C006FE992 /* Products */ = {
			isa = PBXGroup;
			children = (
				3C9BBC772ADAEC8C006FE992 /* SwiftfulThinkingBootcamp.app */,
			);
			name = Products;
			sourceTree = "<group>";
		};
		3C9BBC792ADAEC8C006FE992 /* SwiftfulThinkingBootcamp */ = {
			isa = PBXGroup;
			children = (
				3C9BBC7A2ADAEC8C006FE992 /* SwiftfulThinkingBootcampApp.swift */,
				3C9BBC882ADC48E7006FE992 /* TextBootcamp.swift */,
				3C9BBC7C2ADAEC8C006FE992 /* ContentView.swift */,
				3CBCC2B92ADEF9B200705845 /* ColorsBootcamp.swift */,
				3CBCC2BB2AE04BB800705845 /* GradientsBootcamp.swift */,
				3CBCC2BD2AE198B400705845 /* IconsBootcamp.swift */,
				3CF7DFB42AE4280900A7F564 /* ImageBootvamp.swift */,
				3CB907182AE82F3900E50AB6 /* StacksBootcamp.swift */,
				3C1AF0E02AEE5E520062EDD8 /* ForEachBootcamp.swift */,
				3C1AF0E22AEE677E0062EDD8 /* ScrollViewBootcamp.swift */,
				3C1C1FC12AF0122C00E46CF7 /* GridBootcamp.swift */,
				3CB9071A2AE9833B00E50AB6 /* PaddingBootcamp.swift */,
				3C1C1FC32AF2B98300E46CF7 /* SafeArea.swift */,
				3CB9071C2AEACF4F00E50AB6 /* SpacerBootcamp.swift */,
				3C1AF0DE2AED4B610062EDD8 /* InitializerBootcamp.swift */,
				3CF7DFB62AE582D100A7F564 /* FrameBootcamp.swift */,
				3CB907162AE6D8B100E50AB6 /* BackgroundAndOverlayBootcamp.swift */,
				3C9BBC7E2ADAEC8E006FE992 /* Assets.xcassets */,
				3CBCC2B72ADDA5CD00705845 /* ShapesBootcamp.swift */,
				3C9BBC802ADAEC8E006FE992 /* Preview Content */,
			);
			path = SwiftfulThinkingBootcamp;
			sourceTree = "<group>";
		};
		3C9BBC802ADAEC8E006FE992 /* Preview Content */ = {
			isa = PBXGroup;
			children = (
				3C9BBC812ADAEC8E006FE992 /* Preview Assets.xcassets */,
			);
			path = "Preview Content";
			sourceTree = "<group>";
		};
/* End PBXGroup section */

/* Begin PBXNativeTarget section */
		3C9BBC762ADAEC8C006FE992 /* SwiftfulThinkingBootcamp */ = {
			isa = PBXNativeTarget;
			buildConfigurationList = 3C9BBC852ADAEC8E006FE992 /* Build configuration list for PBXNativeTarget "SwiftfulThinkingBootcamp" */;
			buildPhases = (
				3C9BBC732ADAEC8C006FE992 /* Sources */,
				3C9BBC742ADAEC8C006FE992 /* Frameworks */,
				3C9BBC752ADAEC8C006FE992 /* Resources */,
			);
			buildRules = (
			);
			dependencies = (
			);
			name = SwiftfulThinkingBootcamp;
			productName = SwiftfulThinkingBootcamp;
			productReference = 3C9BBC772ADAEC8C006FE992 /* SwiftfulThinkingBootcamp.app */;
			productType = "com.apple.product-type.application";
		};
/* End PBXNativeTarget section */

/* Begin PBXProject section */
		3C9BBC6F2ADAEC8C006FE992 /* Project object */ = {
			isa = PBXProject;
			attributes = {
				BuildIndependentTargetsInParallel = 1;
				LastSwiftUpdateCheck = 1500;
				LastUpgradeCheck = 1500;
				TargetAttributes = {
					3C9BBC762ADAEC8C006FE992 = {
						CreatedOnToolsVersion = 15.0;
					};
				};
			};
			buildConfigurationList = 3C9BBC722ADAEC8C006FE992 /* Build configuration list for PBXProject "SwiftfulThinkingBootcamp" */;
			compatibilityVersion = "Xcode 14.0";
			developmentRegion = en;
			hasScannedForEncodings = 0;
			knownRegions = (
				en,
				Base,
			);
			mainGroup = 3C9BBC6E2ADAEC8C006FE992;
			productRefGroup = 3C9BBC782ADAEC8C006FE992 /* Products */;
			projectDirPath = "";
			projectRoot = "";
			targets = (
				3C9BBC762ADAEC8C006FE992 /* SwiftfulThinkingBootcamp */,
			);
		};
/* End PBXProject section */

/* Begin PBXResourcesBuildPhase section */
		3C9BBC752ADAEC8C006FE992 /* Resources */ = {
			isa = PBXResourcesBuildPhase;
			buildActionMask = 2147483647;
			files = (
				3C9BBC822ADAEC8E006FE992 /* Preview Assets.xcassets in Resources */,
				3C9BBC7F2ADAEC8E006FE992 /* Assets.xcassets in Resources */,
			);
			runOnlyForDeploymentPostprocessing = 0;
		};
/* End PBXResourcesBuildPhase section */

/* Begin PBXSourcesBuildPhase section */
		3C9BBC732ADAEC8C006FE992 /* Sources */ = {
			isa = PBXSourcesBuildPhase;
			buildActionMask = 2147483647;
			files = (
				3CBCC2BC2AE04BB800705845 /* GradientsBootcamp.swift in Sources */,
				3CB907172AE6D8B100E50AB6 /* BackgroundAndOverlayBootcamp.swift in Sources */,
				3C1AF0E32AEE677E0062EDD8 /* ScrollViewBootcamp.swift in Sources */,
				3CB9071B2AE9833B00E50AB6 /* PaddingBootcamp.swift in Sources */,
				3CF7DFB52AE4280900A7F564 /* ImageBootvamp.swift in Sources */,
				3CF7DFB72AE582D100A7F564 /* FrameBootcamp.swift in Sources */,
				3C1AF0DF2AED4B610062EDD8 /* InitializerBootcamp.swift in Sources */,
				3C1C1FC42AF2B98300E46CF7 /* SafeArea.swift in Sources */,
				3CBCC2BA2ADEF9B200705845 /* ColorsBootcamp.swift in Sources */,
				3CBCC2B82ADDA5CD00705845 /* ShapesBootcamp.swift in Sources */,
				3C1AF0E12AEE5E520062EDD8 /* ForEachBootcamp.swift in Sources */,
				3C9BBC7D2ADAEC8C006FE992 /* ContentView.swift in Sources */,
				3C9BBC892ADC48E7006FE992 /* TextBootcamp.swift in Sources */,
				3CB907192AE82F3900E50AB6 /* StacksBootcamp.swift in Sources */,
				3CB9071D2AEACF4F00E50AB6 /* SpacerBootcamp.swift in Sources */,
				3C1C1FC22AF0122C00E46CF7 /* GridBootcamp.swift in Sources */,
				3C9BBC7B2ADAEC8C006FE992 /* SwiftfulThinkingBootcampApp.swift in Sources */,
				3CBCC2BE2AE198B400705845 /* IconsBootcamp.swift in Sources */,
			);
			runOnlyForDeploymentPostprocessing = 0;
		};
/* End PBXSourcesBuildPhase section */

/* Begin XCBuildConfiguration section */
		3C9BBC832ADAEC8E006FE992 /* Debug */ = {
			isa = XCBuildConfiguration;
			buildSettings = {
				ALWAYS_SEARCH_USER_PATHS = NO;
				ASSETCATALOG_COMPILER_GENERATE_SWIFT_ASSET_SYMBOL_EXTENSIONS = YES;
				CLANG_ANALYZER_NONNULL = YES;
				CLANG_ANALYZER_NUMBER_OBJECT_CONVERSION = YES_AGGRESSIVE;
				CLANG_CXX_LANGUAGE_STANDARD = "gnu++20";
				CLANG_ENABLE_MODULES = YES;
				CLANG_ENABLE_OBJC_ARC = YES;
				CLANG_ENABLE_OBJC_WEAK = YES;
				CLANG_WARN_BLOCK_CAPTURE_AUTORELEASING = YES;
				CLANG_WARN_BOOL_CONVERSION = YES;
				CLANG_WARN_COMMA = YES;
				CLANG_WARN_CONSTANT_CONVERSION = YES;
				CLANG_WARN_DEPRECATED_OBJC_IMPLEMENTATIONS = YES;
				CLANG_WARN_DIRECT_OBJC_ISA_USAGE = YES_ERROR;
				CLANG_WARN_DOCUMENTATION_COMMENTS = YES;
				CLANG_WARN_EMPTY_BODY = YES;
				CLANG_WARN_ENUM_CONVERSION = YES;
				CLANG_WARN_INFINITE_RECURSION = YES;
				CLANG_WARN_INT_CONVERSION = YES;
				CLANG_WARN_NON_LITERAL_NULL_CONVERSION = YES;
				CLANG_WARN_OBJC_IMPLICIT_RETAIN_SELF = YES;
				CLANG_WARN_OBJC_LITERAL_CONVERSION = YES;
				CLANG_WARN_OBJC_ROOT_CLASS = YES_ERROR;
				CLANG_WARN_QUOTED_INCLUDE_IN_FRAMEWORK_HEADER = YES;
				CLANG_WARN_RANGE_LOOP_ANALYSIS = YES;
				CLANG_WARN_STRICT_PROTOTYPES = YES;
				CLANG_WARN_SUSPICIOUS_MOVE = YES;
				CLANG_WARN_UNGUARDED_AVAILABILITY = YES_AGGRESSIVE;
				CLANG_WARN_UNREACHABLE_CODE = YES;
				CLANG_WARN__DUPLICATE_METHOD_MATCH = YES;
				COPY_PHASE_STRIP = NO;
				DEBUG_INFORMATION_FORMAT = dwarf;
				ENABLE_STRICT_OBJC_MSGSEND = YES;
				ENABLE_TESTABILITY = YES;
				ENABLE_USER_SCRIPT_SANDBOXING = YES;
				GCC_C_LANGUAGE_STANDARD = gnu17;
				GCC_DYNAMIC_NO_PIC = NO;
				GCC_NO_COMMON_BLOCKS = YES;
				GCC_OPTIMIZATION_LEVEL = 0;
				GCC_PREPROCESSOR_DEFINITIONS = (
					"DEBUG=1",
					"$(inherited)",
				);
				GCC_WARN_64_TO_32_BIT_CONVERSION = YES;
				GCC_WARN_ABOUT_RETURN_TYPE = YES_ERROR;
				GCC_WARN_UNDECLARED_SELECTOR = YES;
				GCC_WARN_UNINITIALIZED_AUTOS = YES_AGGRESSIVE;
				GCC_WARN_UNUSED_FUNCTION = YES;
				GCC_WARN_UNUSED_VARIABLE = YES;
				IPHONEOS_DEPLOYMENT_TARGET = 17.0;
				LOCALIZATION_PREFERS_STRING_CATALOGS = YES;
				MTL_ENABLE_DEBUG_INFO = INCLUDE_SOURCE;
				MTL_FAST_MATH = YES;
				ONLY_ACTIVE_ARCH = YES;
				SDKROOT = iphoneos;
				SWIFT_ACTIVE_COMPILATION_CONDITIONS = "DEBUG $(inherited)";
				SWIFT_OPTIMIZATION_LEVEL = "-Onone";
			};
			name = Debug;
		};
		3C9BBC842ADAEC8E006FE992 /* Release */ = {
			isa = XCBuildConfiguration;
			buildSettings = {
				ALWAYS_SEARCH_USER_PATHS = NO;
				ASSETCATALOG_COMPILER_GENERATE_SWIFT_ASSET_SYMBOL_EXTENSIONS = YES;
				CLANG_ANALYZER_NONNULL = YES;
				CLANG_ANALYZER_NUMBER_OBJECT_CONVERSION = YES_AGGRESSIVE;
				CLANG_CXX_LANGUAGE_STANDARD = "gnu++20";
				CLANG_ENABLE_MODULES = YES;
				CLANG_ENABLE_OBJC_ARC = YES;
				CLANG_ENABLE_OBJC_WEAK = YES;
				CLANG_WARN_BLOCK_CAPTURE_AUTORELEASING = YES;
				CLANG_WARN_BOOL_CONVERSION = YES;
				CLANG_WARN_COMMA = YES;
				CLANG_WARN_CONSTANT_CONVERSION = YES;
				CLANG_WARN_DEPRECATED_OBJC_IMPLEMENTATIONS = YES;
				CLANG_WARN_DIRECT_OBJC_ISA_USAGE = YES_ERROR;
				CLANG_WARN_DOCUMENTATION_COMMENTS = YES;
				CLANG_WARN_EMPTY_BODY = YES;
				CLANG_WARN_ENUM_CONVERSION = YES;
				CLANG_WARN_INFINITE_RECURSION = YES;
				CLANG_WARN_INT_CONVERSION = YES;
				CLANG_WARN_NON_LITERAL_NULL_CONVERSION = YES;
				CLANG_WARN_OBJC_IMPLICIT_RETAIN_SELF = YES;
				CLANG_WARN_OBJC_LITERAL_CONVERSION = YES;
				CLANG_WARN_OBJC_ROOT_CLASS = YES_ERROR;
				CLANG_WARN_QUOTED_INCLUDE_IN_FRAMEWORK_HEADER = YES;
				CLANG_WARN_RANGE_LOOP_ANALYSIS = YES;
				CLANG_WARN_STRICT_PROTOTYPES = YES;
				CLANG_WARN_SUSPICIOUS_MOVE = YES;
				CLANG_WARN_UNGUARDED_AVAILABILITY = YES_AGGRESSIVE;
				CLANG_WARN_UNREACHABLE_CODE = YES;
				CLANG_WARN__DUPLICATE_METHOD_MATCH = YES;
				COPY_PHASE_STRIP = NO;
				DEBUG_INFORMATION_FORMAT = "dwarf-with-dsym";
				ENABLE_NS_ASSERTIONS = NO;
				ENABLE_STRICT_OBJC_MSGSEND = YES;
				ENABLE_USER_SCRIPT_SANDBOXING = YES;
				GCC_C_LANGUAGE_STANDARD = gnu17;
				GCC_NO_COMMON_BLOCKS = YES;
				GCC_WARN_64_TO_32_BIT_CONVERSION = YES;
				GCC_WARN_ABOUT_RETURN_TYPE = YES_ERROR;
				GCC_WARN_UNDECLARED_SELECTOR = YES;
				GCC_WARN_UNINITIALIZED_AUTOS = YES_AGGRESSIVE;
				GCC_WARN_UNUSED_FUNCTION = YES;
				GCC_WARN_UNUSED_VARIABLE = YES;
				IPHONEOS_DEPLOYMENT_TARGET = 17.0;
				LOCALIZATION_PREFERS_STRING_CATALOGS = YES;
				MTL_ENABLE_DEBUG_INFO = NO;
				MTL_FAST_MATH = YES;
				SDKROOT = iphoneos;
				SWIFT_COMPILATION_MODE = wholemodule;
				VALIDATE_PRODUCT = YES;
			};
			name = Release;
		};
		3C9BBC862ADAEC8E006FE992 /* Debug */ = {
			isa = XCBuildConfiguration;
			buildSettings = {
				ASSETCATALOG_COMPILER_APPICON_NAME = AppIcon;
				ASSETCATALOG_COMPILER_GLOBAL_ACCENT_COLOR_NAME = AccentColor;
				CODE_SIGN_STYLE = Automatic;
				CURRENT_PROJECT_VERSION = 1;
				DEVELOPMENT_ASSET_PATHS = "\"SwiftfulThinkingBootcamp/Preview Content\"";
				ENABLE_PREVIEWS = YES;
				GENERATE_INFOPLIST_FILE = YES;
				INFOPLIST_KEY_UIApplicationSceneManifest_Generation = YES;
				INFOPLIST_KEY_UIApplicationSupportsIndirectInputEvents = YES;
				INFOPLIST_KEY_UILaunchScreen_Generation = YES;
				INFOPLIST_KEY_UISupportedInterfaceOrientations_iPad = "UIInterfaceOrientationPortrait UIInterfaceOrientationPortraitUpsideDown UIInterfaceOrientationLandscapeLeft UIInterfaceOrientationLandscapeRight";
				INFOPLIST_KEY_UISupportedInterfaceOrientations_iPhone = "UIInterfaceOrientationPortrait UIInterfaceOrientationLandscapeLeft UIInterfaceOrientationLandscapeRight";
				LD_RUNPATH_SEARCH_PATHS = (
					"$(inherited)",
					"@executable_path/Frameworks",
				);
				MARKETING_VERSION = 1.0;
				PRODUCT_BUNDLE_IDENTIFIER = SwiftfulThinking.SwiftfulThinkingBootcamp;
				PRODUCT_NAME = "$(TARGET_NAME)";
				SWIFT_EMIT_LOC_STRINGS = YES;
				SWIFT_VERSION = 5.0;
				TARGETED_DEVICE_FAMILY = "1,2";
			};
			name = Debug;
		};
		3C9BBC872ADAEC8E006FE992 /* Release */ = {
			isa = XCBuildConfiguration;
			buildSettings = {
				ASSETCATALOG_COMPILER_APPICON_NAME = AppIcon;
				ASSETCATALOG_COMPILER_GLOBAL_ACCENT_COLOR_NAME = AccentColor;
				CODE_SIGN_STYLE = Automatic;
				CURRENT_PROJECT_VERSION = 1;
				DEVELOPMENT_ASSET_PATHS = "\"SwiftfulThinkingBootcamp/Preview Content\"";
				ENABLE_PREVIEWS = YES;
				GENERATE_INFOPLIST_FILE = YES;
				INFOPLIST_KEY_UIApplicationSceneManifest_Generation = YES;
				INFOPLIST_KEY_UIApplicationSupportsIndirectInputEvents = YES;
				INFOPLIST_KEY_UILaunchScreen_Generation = YES;
				INFOPLIST_KEY_UISupportedInterfaceOrientations_iPad = "UIInterfaceOrientationPortrait UIInterfaceOrientationPortraitUpsideDown UIInterfaceOrientationLandscapeLeft UIInterfaceOrientationLandscapeRight";
				INFOPLIST_KEY_UISupportedInterfaceOrientations_iPhone = "UIInterfaceOrientationPortrait UIInterfaceOrientationLandscapeLeft UIInterfaceOrientationLandscapeRight";
				LD_RUNPATH_SEARCH_PATHS = (
					"$(inherited)",
					"@executable_path/Frameworks",
				);
				MARKETING_VERSION = 1.0;
				PRODUCT_BUNDLE_IDENTIFIER = SwiftfulThinking.SwiftfulThinkingBootcamp;
				PRODUCT_NAME = "$(TARGET_NAME)";
				SWIFT_EMIT_LOC_STRINGS = YES;
				SWIFT_VERSION = 5.0;
				TARGETED_DEVICE_FAMILY = "1,2";
			};
			name = Release;
		};
/* End XCBuildConfiguration section */

/* Begin XCConfigurationList section */
		3C9BBC722ADAEC8C006FE992 /* Build configuration list for PBXProject "SwiftfulThinkingBootcamp" */ = {
			isa = XCConfigurationList;
			buildConfigurations = (
				3C9BBC832ADAEC8E006FE992 /* Debug */,
				3C9BBC842ADAEC8E006FE992 /* Release */,
			);
			defaultConfigurationIsVisible = 0;
			defaultConfigurationName = Release;
		};
		3C9BBC852ADAEC8E006FE992 /* Build configuration list for PBXNativeTarget "SwiftfulThinkingBootcamp" */ = {
			isa = XCConfigurationList;
			buildConfigurations = (
				3C9BBC862ADAEC8E006FE992 /* Debug */,
				3C9BBC872ADAEC8E006FE992 /* Release */,
			);
			defaultConfigurationIsVisible = 0;
			defaultConfigurationName = Release;
		};
/* End XCConfigurationList section */
	};
	rootObject = 3C9BBC6F2ADAEC8C006FE992 /* Project object */;
}
